<?xml version="1.0" encoding="utf-8"?>
<Project ToolsVersion="4.0" xmlns="http://schemas.microsoft.com/developer/msbuild/2003">
  <ItemGroup>
    <ClCompile Include="Source\Camera.cpp" />
    <ClCompile Include="Source\main.cpp" />
    <ClCompile Include="Source\Game.cpp" />
    <ClCompile Include="Source\Globals.cpp" />
    <ClCompile Include="Source\Components\Console.cpp" />
    <ClCompile Include="Source\Components\InputField.cpp" />
    <ClCompile Include="Source\Framework\D3DApplication.cpp" />
    <ClCompile Include="Source\Framework\GameFont.cpp" />
    <ClCompile Include="Source\Framework\GameTime.cpp" />
    <ClCompile Include="Source\Scene\Scene.cpp" />
    <ClCompile Include="Source\Scene\Marker.cpp" />
    <ClCompile Include="Source\Framework\InputManager.cpp" />
    <ClCompile Include="Source\Components\Clickable.cpp" />
    <ClCompile Include="Source\Components\Component.cpp" />
    <ClCompile Include="Source\Components\ComponentGroup.cpp" />
    <ClCompile Include="Source\Components\Button.cpp" />
    <ClCompile Include="Source\Components\Scrollbar.cpp" />
    <ClCompile Include="Source\Components\TextButton.cpp" />
    <ClCompile Include="Source\State\ApplicationState.cpp" />
    <ClCompile Include="Source\State\InGameState.cpp" />
    <ClCompile Include="Source\State\MenuState.cpp" />
    <ClCompile Include="Source\State\StateRegistry.cpp" />
    <ClCompile Include="Source\Framework\Viewport.cpp" />
    <ClCompile Include="Source\Framework\Effect\Buffer.cpp" />
    <ClCompile Include="Source\Framework\Effect\Effect.cpp" />
    <ClCompile Include="Source\Framework\Effect\Pass.cpp" />
    <ClCompile Include="Source\Framework\Effect\Technique.cpp" />
    <ClCompile Include="Source\Components\Label.cpp" />
    <ClCompile Include="Source\Components\Menu.cpp" />
    <ClCompile Include="Source\Components\RootComponent.cpp" />
    <ClCompile Include="Source\Network\Client.cpp" />
    <ClCompile Include="Source\Network\ComSocket.cpp" />
    <ClCompile Include="Source\Network\ListenSocket.cpp" />
    <ClCompile Include="Source\Network\Message.cpp" />
    <ClCompile Include="Source\Network\Server.cpp" />
    <ClCompile Include="Source\Logic\Grid\Cell.cpp" />
    <ClCompile Include="Source\Logic\Grid\Grid.cpp" />
    <ClCompile Include="Source\Logic\Session.cpp" />
    <ClCompile Include="Source\Logic\ServerSession.cpp" />
    <ClCompile Include="Source\Logic\ClientSession.cpp" />
    <ClCompile Include="Source\Network\Messages\ChatMessage.cpp" />
    <ClCompile Include="Source\Network\Messages\AcceptMessage.cpp" />
    <ClCompile Include="Source\Network\Messages\AddPlayerMessage.cpp" />
    <ClCompile Include="Source\Network\Messages\RemovePlayerMessage.cpp" />
    <ClCompile Include="Source\Network\Messages\SetTeamMessage.cpp" />
    <ClCompile Include="Source\Network\Messages\SetMarkerMessage.cpp" />
    <ClCompile Include="Source\Network\Messages\PlacePieceMessage.cpp" />
    <ClCompile Include="Source\Network\Messages\RemovePieceMessage.cpp" />
    <ClCompile Include="Source\Network\Messages\TurnMessage.cpp" />
    <ClCompile Include="Source\Network\Messages\StartGameMessage.cpp" />
    <ClCompile Include="Source\Network\Messages\LeaveGameMessage.cpp" />
    <ClCompile Include="Source\Network\Messages\StayAliveMessage.cpp" />
    <ClCompile Include="Source\Components\List.cpp" />
    <ClCompile Include="Source\Logic\Grid\Direction.cpp" />
    <ClCompile Include="Source\Components\ClickMenu.cpp" />
    <ClCompile Include="Source\State\JoinGameState.cpp" />
    <ClCompile Include="Source\Logic\Player.cpp" />
    <ClCompile Include="Source\Network\Messages\JoinMessage.cpp" />
    <ClCompile Include="Source\State\CreateGameState.cpp" />
    <ClCompile Include="Source\State\ServerLobbyState.cpp" />
    <ClCompile Include="Source\State\ClientLobbyState.cpp" />
    <ClCompile Include="Source\Network\Messages\RefuseMessage.cpp" />
  </ItemGroup>
  <ItemGroup>
    <ClInclude Include="Include\Camera.hpp" />
    <ClInclude Include="Include\Game.hpp" />
    <ClInclude Include="Include\Globals.hpp" />
    <ClInclude Include="Include\Logic\Player.hpp" />
    <ClInclude Include="Include\Components\InputField.hpp" />
    <ClInclude Include="Include\Components\Console.hpp" />
    <ClInclude Include="Include\Framework\GameTime.hpp" />
    <ClInclude Include="Include\Framework\GameFont.hpp" />
    <ClInclude Include="Include\Framework\D3DApplication.hpp" />
    <ClInclude Include="Include\Scene\Scene.hpp" />
    <ClInclude Include="Include\Scene\Marker.hpp" />
    <ClInclude Include="Include\Framework\InputManager.hpp" />
    <ClInclude Include="Include\Components\Clickable.hpp" />
    <ClInclude Include="Include\Components\Component.hpp" />
    <ClInclude Include="Include\Components\ComponentGroup.hpp" />
    <ClInclude Include="Include\Components\Button.hpp" />
    <ClInclude Include="Include\Components\Scrollbar.hpp" />
    <ClInclude Include="Include\Components\TextButton.hpp" />
    <ClInclude Include="Include\State\ApplicationState.hpp" />
    <ClInclude Include="Include\State\InGameState.hpp" />
    <ClInclude Include="Include\State\MenuState.hpp" />
    <ClInclude Include="Include\State\StateRegistry.hpp" />
    <ClInclude Include="Include\Framework\Viewport.hpp" />
    <ClInclude Include="Include\Framework\Effect\Buffer.hpp" />
    <ClInclude Include="Include\Framework\Effect\Effect.hpp" />
    <ClInclude Include="Include\Framework\Effect\Pass.hpp" />
    <ClInclude Include="Include\Framework\Effect\Technique.hpp" />
    <ClInclude Include="Include\Components\Label.hpp" />
    <ClInclude Include="Include\Components\Menu.hpp" />
    <ClInclude Include="Include\Network\Client.hpp" />
    <ClInclude Include="Include\Network\ComSocket.hpp" />
    <ClInclude Include="Include\Network\ListenSocket.hpp" />
    <ClInclude Include="Include\Network\Message.hpp" />
    <ClInclude Include="Include\Network\Server.hpp" />
    <ClInclude Include="Include\WinInclude.hpp" />
    <ClInclude Include="Include\Logic\Grid\Cell.hpp" />
    <ClInclude Include="Include\Logic\Grid\Direction.hpp" />
    <ClInclude Include="Include\Logic\Grid\Grid.hpp" />
    <ClInclude Include="Include\Logic\Session.hpp" />
    <ClInclude Include="Include\Logic\ServerSession.hpp" />
    <ClInclude Include="Include\Logic\ClientSession.hpp" />
    <ClInclude Include="Include\Network\Messages\ChatMessage.hpp" />
    <ClInclude Include="Include\Network\Messages\AcceptMessage.hpp" />
    <ClInclude Include="Include\Logic\PlayerController.hpp" />
    <ClInclude Include="Include\Network\Messages\AddPlayerMessage.hpp" />
    <ClInclude Include="Include\Network\Messages\RemovePlayerMessage.hpp" />
    <ClInclude Include="Include\Network\Messages\SetTeamMessage.hpp" />
    <ClInclude Include="Include\Network\Messages\SetMarkerMessage.hpp" />
    <ClInclude Include="Include\Network\Messages\PlacePieceMessage.hpp" />
    <ClInclude Include="Include\Network\Messages\RemovePieceMessage.hpp" />
    <ClInclude Include="Include\Network\Messages\TurnMessage.hpp" />
    <ClInclude Include="Include\Network\Messages\StartGameMessage.hpp" />
    <ClInclude Include="Include\Network\Messages\LeaveGameMessage.hpp" />
    <ClInclude Include="Include\Network\Messages\StayAliveMessage.hpp" />
    <ClInclude Include="Include\Network\Messages\MessageInclude.hpp" />
    <ClInclude Include="Include\Components\RootComponent.hpp" />
    <ClInclude Include="Include\Components\List.hpp" />
    <ClInclude Include="Include\Components\ClickMenu.hpp" />
    <ClInclude Include="Include\State\JoinGameState.hpp" />
    <ClInclude Include="Include\Logic\Ruleset.hpp" />
    <ClInclude Include="Include\State\CreateGameState.hpp" />
    <ClInclude Include="Include\Network\Messages\JoinMessage.hpp" />
    <ClInclude Include="Include\State\ServerLobbyState.hpp" />
    <ClInclude Include="Include\State\ClientLobbyState.hpp" />
    <ClInclude Include="Include\Network\Messages\RefuseMessage.hpp" />
    <ClInclude Include="Include\Network\NetworkInclude.hpp" />
  </ItemGroup>
  <ItemGroup>
    <None Include=".gitignore" />
    <None Include="Effects\InputField.fx" />
    <None Include="Resources\Effects\Button.fx" />
    <None Include="Resources\Effects\Grid.fx" />
    <None Include="Resources\Effects\Marker.fx" />
    <None Include="Resources\Textures\button.png" />
    <None Include="Resources\Effects\Basic2D.fx" />
    <None Include="Resources\Textures\btnDIdle.png" />
    <None Include="Resources\Textures\btnDPressed.png" />
    <None Include="Resources\Textures\btnUIdle.png" />
    <None Include="Resources\Textures\btnUPressed.png" />
    <None Include="Resources\Textures\buttonDown.png" />
    <None Include="Resources\Textures\buttonUp.png" />
    <None Include="Resources\Textures\titleScreenBig.png" />
    <None Include="Resources\Effects\Background.fx" />
    <None Include="Resources\Textures\titleScreen1024x836.png" />
    <None Include="Resources\Textures\marbleBG1024x836.png" />
    <None Include="Resources\Textures\titleScreen1024x768.png" />
    <None Include="Resources\Textures\titleScreen1024x576.png" />
    <None Include="Resources\Textures\marbleBG1422x800.png" />
    <None Include="Resources\Textures\titleScreen1422x800.png" />
    <None Include="Resources\Textures\exclamation.png" />
    <None Include="Resources\Textures\exclamationL.png" />
    <None Include="Resources\Textures\hint.png" />
    <None Include="Resources\Textures\hintL.png" />
    <None Include="Resources\Textures\other.png" />
    <None Include="Resources\Textures\otherL.png" />
    <None Include="Resources\Textures\question.png" />
    <None Include="Resources\Textures\questionL.png" />
    <None Include="pull.sh" />
    <None Include="push.sh" />
    <None Include="Resources\Textures\cell.png" />
    <None Include="Resources\Textures\buttonBase.png" />
  </ItemGroup>
</Project>